# THIS IS AN AUTOGENERATED FILE. DO NOT EDIT THIS FILE DIRECTLY.
# yarn lockfile v1


"@types/node@^16.7.4":
  version "16.7.8"
  resolved "https://registry.yarnpkg.com/@types/node/-/node-16.7.8.tgz#2448be5f24fe6b77114632b6350fcd219334651e"
  integrity sha512-8upnoQU0OPzbIkm+ZMM0zCeFCkw2s3mS0IWdx0+AAaWqm4fkBb0UJp8Edl7FVKRamYbpJC/aVsHpKWBIbiC7Zg==

quasar@^2.0.4:
  version "2.0.4"
  resolved "https://registry.yarnpkg.com/quasar/-/quasar-2.0.4.tgz#f25241bdcd313ad001ec2470d4a8ec286724fbe1"
  integrity sha512-W53vn99KKeJI+xHT7ah1qOGCqEDG2+x7G47se8lf93wFTXQAyBw+O0TbuOdZqoKpguwT4T2yo4dTMz7WRmRqGA==

typescript@^4.4.2:
  version "4.4.2"
  resolved "https://registry.yarnpkg.com/typescript/-/typescript-4.4.2.tgz#6d618640d430e3569a1dfb44f7d7e600ced3ee86"
  integrity sha512-gzP+t5W4hdy4c+68bfcv0t400HVJMMd2+H9B7gae1nQlBzCqvrXX+6GL/b3GAgyTH966pzrZ70/fRjwAtZksSQ==
